
Microsoft Visual Studio Solution File, Format Version 12.00
# Visual Studio Express 14 for Web
VisualStudioVersion = 14.0.23107.0
MinimumVisualStudioVersion = 10.0.40219.1
Project("{FAE04EC0-301F-11D3-BF4B-00C04F79EFBC}") = "GameListWebsite", "GameListWebsite\GameListWebsite.csproj", "{C0A86302-209A-41C6-9584-1CE7118AECD3}"
EndProject
Project("{FAE04EC0-301F-11D3-BF4B-00C04F79EFBC}") = "GameListRepository", "GameListRepository\GameListRepository.csproj", "{BF805481-8710-49C8-89E0-C18CB29D68C8}"
EndProject
Global
	GlobalSection(SolutionConfigurationPlatforms) = preSolution
		Debug|Any CPU = Debug|Any CPU
		Release|Any CPU = Release|Any CPU
	EndGlobalSection
	GlobalSection(ProjectConfigurationPlatforms) = postSolution
		{C0A86302-209A-41C6-9584-1CE7118AECD3}.Debug|Any CPU.ActiveCfg = Debug|Any CPU
		{C0A86302-209A-41C6-9584-1CE7118AECD3}.Debug|Any CPU.Build.0 = Debug|Any CPU
		{C0A86302-209A-41C6-9584-1CE7118AECD3}.Release|Any CPU.ActiveCfg = Release|Any CPU
		{C0A86302-209A-41C6-9584-1CE7118AECD3}.Release|Any CPU.Build.0 = Release|Any CPU
		{BF805481-8710-49C8-89E0-C18CB29D68C8}.Debug|Any CPU.ActiveCfg = Debug|Any CPU
		{BF805481-8710-49C8-89E0-C18CB29D68C8}.Debug|Any CPU.Build.0 = Debug|Any CPU
		{BF805481-8710-49C8-89E0-C18CB29D68C8}.Release|Any CPU.ActiveCfg = Release|Any CPU
		{BF805481-8710-49C8-89E0-C18CB29D68C8}.Release|Any CPU.Build.0 = Release|Any CPU
	EndGlobalSection
	GlobalSection(SolutionProperties) = preSolution
		HideSolutionNode = FALSE
	EndGlobalSection
EndGlobal
